
Microsoft Visual Studio Solution File, Format Version 12.00
# Visual Studio 15
Project("{FAE04EC0-301F-11D3-BF4B-00C04F79EFBC}") = "Assembly-CSharp", "Assembly-CSharp.csproj", "{78589BCB-923D-93B4-CAA1-64DBD056D5EB}"
EndProject
Project("{FAE04EC0-301F-11D3-BF4B-00C04F79EFBC}") = "Assembly-CSharp-Editor", "Assembly-CSharp-Editor.csproj", "{3FC6488B-5EE0-42C7-2D34-37C00F4E19A1}"
EndProject
Global
	GlobalSection(SolutionConfigurationPlatforms) = preSolution
		Debug|Any CPU = Debug|Any CPU
		Release|Any CPU = Release|Any CPU
	EndGlobalSection
	GlobalSection(ProjectConfigurationPlatforms) = postSolution
		{78589BCB-923D-93B4-CAA1-64DBD056D5EB}.Debug|Any CPU.ActiveCfg = Debug|Any CPU
		{78589BCB-923D-93B4-CAA1-64DBD056D5EB}.Debug|Any CPU.Build.0 = Debug|Any CPU
		{78589BCB-923D-93B4-CAA1-64DBD056D5EB}.Release|Any CPU.ActiveCfg = Release|Any CPU
		{78589BCB-923D-93B4-CAA1-64DBD056D5EB}.Release|Any CPU.Build.0 = Release|Any CPU
		{3FC6488B-5EE0-42C7-2D34-37C00F4E19A1}.Debug|Any CPU.ActiveCfg = Debug|Any CPU
		{3FC6488B-5EE0-42C7-2D34-37C00F4E19A1}.Debug|Any CPU.Build.0 = Debug|Any CPU
		{3FC6488B-5EE0-42C7-2D34-37C00F4E19A1}.Release|Any CPU.ActiveCfg = Release|Any CPU
		{3FC6488B-5EE0-42C7-2D34-37C00F4E19A1}.Release|Any CPU.Build.0 = Release|Any CPU
	EndGlobalSection
	GlobalSection(SolutionProperties) = preSolution
		HideSolutionNode = FALSE
	EndGlobalSection
EndGlobal
