
Microsoft Visual Studio Solution File, Format Version 12.00
# Visual Studio 15
Project("{FAE04EC0-301F-11D3-BF4B-00C04F79EFBC}") = "Assembly-CSharp", "Assembly-CSharp.csproj", "{BDE0162F-7B9A-3857-28AA-58A7ED2231E6}"
EndProject
Project("{FAE04EC0-301F-11D3-BF4B-00C04F79EFBC}") = "Assembly-CSharp-Editor", "Assembly-CSharp-Editor.csproj", "{2A92ABF3-4F28-242C-401E-B4D0C226BF8D}"
EndProject
Global
	GlobalSection(SolutionConfigurationPlatforms) = preSolution
		Debug|Any CPU = Debug|Any CPU
		Release|Any CPU = Release|Any CPU
	EndGlobalSection
	GlobalSection(ProjectConfigurationPlatforms) = postSolution
		{BDE0162F-7B9A-3857-28AA-58A7ED2231E6}.Debug|Any CPU.ActiveCfg = Debug|Any CPU
		{BDE0162F-7B9A-3857-28AA-58A7ED2231E6}.Debug|Any CPU.Build.0 = Debug|Any CPU
		{BDE0162F-7B9A-3857-28AA-58A7ED2231E6}.Release|Any CPU.ActiveCfg = Release|Any CPU
		{BDE0162F-7B9A-3857-28AA-58A7ED2231E6}.Release|Any CPU.Build.0 = Release|Any CPU
		{2A92ABF3-4F28-242C-401E-B4D0C226BF8D}.Debug|Any CPU.ActiveCfg = Debug|Any CPU
		{2A92ABF3-4F28-242C-401E-B4D0C226BF8D}.Debug|Any CPU.Build.0 = Debug|Any CPU
		{2A92ABF3-4F28-242C-401E-B4D0C226BF8D}.Release|Any CPU.ActiveCfg = Release|Any CPU
		{2A92ABF3-4F28-242C-401E-B4D0C226BF8D}.Release|Any CPU.Build.0 = Release|Any CPU
	EndGlobalSection
	GlobalSection(SolutionProperties) = preSolution
		HideSolutionNode = FALSE
	EndGlobalSection
EndGlobal
